
Microsoft Visual Studio Solution File, Format Version 12.00
# Visual Studio Version 17
VisualStudioVersion = 17.1.32328.378
MinimumVisualStudioVersion = 10.0.40219.1
Project("{9A19103F-16F7-4668-BE54-9A1E7A4F7556}") = "ilkConsole", "ilkConsole\ilkConsole.csproj", "{BB3C22BC-6612-4B2B-A704-4EC104D7519A}"
EndProject
Project("{9A19103F-16F7-4668-BE54-9A1E7A4F7556}") = "AritmetikIslemler", "AritmetikIslemler\AritmetikIslemler.csproj", "{2D3B024E-EED0-4020-94DB-49F932DD850F}"
EndProject
Project("{9A19103F-16F7-4668-BE54-9A1E7A4F7556}") = "TryCatch", "TryCatch\TryCatch.csproj", "{04CB5231-D8B6-4C1D-BFF2-C134035C75CD}"
EndProject
Project("{9A19103F-16F7-4668-BE54-9A1E7A4F7556}") = "KararYapıları", "KararYapıları\KararYapıları.csproj", "{D7FE4FEE-A6BE-49CF-B2B1-5780E3006958}"
EndProject
Project("{9A19103F-16F7-4668-BE54-9A1E7A4F7556}") = "SwitchCase", "SwitchCase\SwitchCase.csproj", "{3E6992C0-5EC6-4C4E-81C0-625FF4790325}"
EndProject
Project("{2150E333-8FDC-42A3-9474-1A3956D46DE8}") = "Döngüler", "Döngüler", "{0BD4EF0F-61D3-4DB7-9CCF-1C77D86DCC27}"
EndProject
Project("{9A19103F-16F7-4668-BE54-9A1E7A4F7556}") = "WhileDöngüsü", "WhileDöngüsü\WhileDöngüsü.csproj", "{8C0459A2-691F-41B9-85D9-0F20DE2E49ED}"
EndProject
Project("{9A19103F-16F7-4668-BE54-9A1E7A4F7556}") = "DoWhile", "DoWhile\DoWhile.csproj", "{49AA4396-64E7-4A1F-9672-F2ECE067CECB}"
EndProject
Project("{9A19103F-16F7-4668-BE54-9A1E7A4F7556}") = "ForDongusu", "ForDongusu\ForDongusu.csproj", "{5ABE9B5D-E2F1-4D15-9625-8545781F9399}"
EndProject
Project("{2150E333-8FDC-42A3-9474-1A3956D46DE8}") = "Diziler", "Diziler", "{53CE6523-CF8F-4F96-8F9A-F49066071201}"
EndProject
Project("{9A19103F-16F7-4668-BE54-9A1E7A4F7556}") = "Diziler", "Diziler\Diziler.csproj", "{8BE9B8A8-9225-4B22-B513-0F037BDCF010}"
EndProject
Project("{9A19103F-16F7-4668-BE54-9A1E7A4F7556}") = "ŞansOyunları", "ŞansOyunları\ŞansOyunları.csproj", "{F8629BCB-140C-4A34-9BA6-4146CA7B3559}"
EndProject
Project("{9A19103F-16F7-4668-BE54-9A1E7A4F7556}") = "ArraySınıfı", "ArraySınıfı\ArraySınıfı.csproj", "{D4DDA8F4-61F2-40DD-BC9F-EC6CE0293E0A}"
EndProject
Project("{9A19103F-16F7-4668-BE54-9A1E7A4F7556}") = "Array_List", "ArrayList\Array_List.csproj", "{BC7D572F-D436-49C8-87F7-F77A5E7C3F9C}"
EndProject
Project("{9A19103F-16F7-4668-BE54-9A1E7A4F7556}") = "GenericList", "GenericList\GenericList.csproj", "{4EA987D1-FE1C-4B69-AEF4-133939BE79A8}"
EndProject
Project("{9A19103F-16F7-4668-BE54-9A1E7A4F7556}") = "WİnOrnek1", "WİnOrnek1\WİnOrnek1.csproj", "{A4DBBE86-080C-45CF-939C-08BFA6CCBAD3}"
EndProject
Project("{2150E333-8FDC-42A3-9474-1A3956D46DE8}") = "Metodlar", "Metodlar", "{080B758E-C50B-491C-8D8B-0DA8B5D82D9F}"
EndProject
Project("{FAE04EC0-301F-11D3-BF4B-00C04F79EFBC}") = "MetodGiris", "MetodGiris\MetodGiris.csproj", "{1BC21064-980C-477E-9C08-3753EF39349C}"
EndProject
Project("{FAE04EC0-301F-11D3-BF4B-00C04F79EFBC}") = "VoidMetodlar(2)", "VoidMetodlar\VoidMetodlar(2).csproj", "{5233EE5F-5348-45BE-9C17-B212213EF1E9}"
EndProject
Global
	GlobalSection(SolutionConfigurationPlatforms) = preSolution
		Debug|Any CPU = Debug|Any CPU
		Release|Any CPU = Release|Any CPU
	EndGlobalSection
	GlobalSection(ProjectConfigurationPlatforms) = postSolution
		{BB3C22BC-6612-4B2B-A704-4EC104D7519A}.Debug|Any CPU.ActiveCfg = Debug|Any CPU
		{BB3C22BC-6612-4B2B-A704-4EC104D7519A}.Debug|Any CPU.Build.0 = Debug|Any CPU
		{BB3C22BC-6612-4B2B-A704-4EC104D7519A}.Release|Any CPU.ActiveCfg = Release|Any CPU
		{BB3C22BC-6612-4B2B-A704-4EC104D7519A}.Release|Any CPU.Build.0 = Release|Any CPU
		{2D3B024E-EED0-4020-94DB-49F932DD850F}.Debug|Any CPU.ActiveCfg = Debug|Any CPU
		{2D3B024E-EED0-4020-94DB-49F932DD850F}.Debug|Any CPU.Build.0 = Debug|Any CPU
		{2D3B024E-EED0-4020-94DB-49F932DD850F}.Release|Any CPU.ActiveCfg = Release|Any CPU
		{2D3B024E-EED0-4020-94DB-49F932DD850F}.Release|Any CPU.Build.0 = Release|Any CPU
		{04CB5231-D8B6-4C1D-BFF2-C134035C75CD}.Debug|Any CPU.ActiveCfg = Debug|Any CPU
		{04CB5231-D8B6-4C1D-BFF2-C134035C75CD}.Debug|Any CPU.Build.0 = Debug|Any CPU
		{04CB5231-D8B6-4C1D-BFF2-C134035C75CD}.Release|Any CPU.ActiveCfg = Release|Any CPU
		{04CB5231-D8B6-4C1D-BFF2-C134035C75CD}.Release|Any CPU.Build.0 = Release|Any CPU
		{D7FE4FEE-A6BE-49CF-B2B1-5780E3006958}.Debug|Any CPU.ActiveCfg = Debug|Any CPU
		{D7FE4FEE-A6BE-49CF-B2B1-5780E3006958}.Debug|Any CPU.Build.0 = Debug|Any CPU
		{D7FE4FEE-A6BE-49CF-B2B1-5780E3006958}.Release|Any CPU.ActiveCfg = Release|Any CPU
		{D7FE4FEE-A6BE-49CF-B2B1-5780E3006958}.Release|Any CPU.Build.0 = Release|Any CPU
		{3E6992C0-5EC6-4C4E-81C0-625FF4790325}.Debug|Any CPU.ActiveCfg = Debug|Any CPU
		{3E6992C0-5EC6-4C4E-81C0-625FF4790325}.Debug|Any CPU.Build.0 = Debug|Any CPU
		{3E6992C0-5EC6-4C4E-81C0-625FF4790325}.Release|Any CPU.ActiveCfg = Release|Any CPU
		{3E6992C0-5EC6-4C4E-81C0-625FF4790325}.Release|Any CPU.Build.0 = Release|Any CPU
		{8C0459A2-691F-41B9-85D9-0F20DE2E49ED}.Debug|Any CPU.ActiveCfg = Debug|Any CPU
		{8C0459A2-691F-41B9-85D9-0F20DE2E49ED}.Debug|Any CPU.Build.0 = Debug|Any CPU
		{8C0459A2-691F-41B9-85D9-0F20DE2E49ED}.Release|Any CPU.ActiveCfg = Release|Any CPU
		{8C0459A2-691F-41B9-85D9-0F20DE2E49ED}.Release|Any CPU.Build.0 = Release|Any CPU
		{49AA4396-64E7-4A1F-9672-F2ECE067CECB}.Debug|Any CPU.ActiveCfg = Debug|Any CPU
		{49AA4396-64E7-4A1F-9672-F2ECE067CECB}.Debug|Any CPU.Build.0 = Debug|Any CPU
		{49AA4396-64E7-4A1F-9672-F2ECE067CECB}.Release|Any CPU.ActiveCfg = Release|Any CPU
		{49AA4396-64E7-4A1F-9672-F2ECE067CECB}.Release|Any CPU.Build.0 = Release|Any CPU
		{5ABE9B5D-E2F1-4D15-9625-8545781F9399}.Debug|Any CPU.ActiveCfg = Debug|Any CPU
		{5ABE9B5D-E2F1-4D15-9625-8545781F9399}.Debug|Any CPU.Build.0 = Debug|Any CPU
		{5ABE9B5D-E2F1-4D15-9625-8545781F9399}.Release|Any CPU.ActiveCfg = Release|Any CPU
		{5ABE9B5D-E2F1-4D15-9625-8545781F9399}.Release|Any CPU.Build.0 = Release|Any CPU
		{8BE9B8A8-9225-4B22-B513-0F037BDCF010}.Debug|Any CPU.ActiveCfg = Debug|Any CPU
		{8BE9B8A8-9225-4B22-B513-0F037BDCF010}.Debug|Any CPU.Build.0 = Debug|Any CPU
		{8BE9B8A8-9225-4B22-B513-0F037BDCF010}.Release|Any CPU.ActiveCfg = Release|Any CPU
		{8BE9B8A8-9225-4B22-B513-0F037BDCF010}.Release|Any CPU.Build.0 = Release|Any CPU
		{F8629BCB-140C-4A34-9BA6-4146CA7B3559}.Debug|Any CPU.ActiveCfg = Debug|Any CPU
		{F8629BCB-140C-4A34-9BA6-4146CA7B3559}.Debug|Any CPU.Build.0 = Debug|Any CPU
		{F8629BCB-140C-4A34-9BA6-4146CA7B3559}.Release|Any CPU.ActiveCfg = Release|Any CPU
		{F8629BCB-140C-4A34-9BA6-4146CA7B3559}.Release|Any CPU.Build.0 = Release|Any CPU
		{D4DDA8F4-61F2-40DD-BC9F-EC6CE0293E0A}.Debug|Any CPU.ActiveCfg = Debug|Any CPU
		{D4DDA8F4-61F2-40DD-BC9F-EC6CE0293E0A}.Debug|Any CPU.Build.0 = Debug|Any CPU
		{D4DDA8F4-61F2-40DD-BC9F-EC6CE0293E0A}.Release|Any CPU.ActiveCfg = Release|Any CPU
		{D4DDA8F4-61F2-40DD-BC9F-EC6CE0293E0A}.Release|Any CPU.Build.0 = Release|Any CPU
		{BC7D572F-D436-49C8-87F7-F77A5E7C3F9C}.Debug|Any CPU.ActiveCfg = Debug|Any CPU
		{BC7D572F-D436-49C8-87F7-F77A5E7C3F9C}.Debug|Any CPU.Build.0 = Debug|Any CPU
		{BC7D572F-D436-49C8-87F7-F77A5E7C3F9C}.Release|Any CPU.ActiveCfg = Release|Any CPU
		{BC7D572F-D436-49C8-87F7-F77A5E7C3F9C}.Release|Any CPU.Build.0 = Release|Any CPU
		{4EA987D1-FE1C-4B69-AEF4-133939BE79A8}.Debug|Any CPU.ActiveCfg = Debug|Any CPU
		{4EA987D1-FE1C-4B69-AEF4-133939BE79A8}.Debug|Any CPU.Build.0 = Debug|Any CPU
		{4EA987D1-FE1C-4B69-AEF4-133939BE79A8}.Release|Any CPU.ActiveCfg = Release|Any CPU
		{4EA987D1-FE1C-4B69-AEF4-133939BE79A8}.Release|Any CPU.Build.0 = Release|Any CPU
		{A4DBBE86-080C-45CF-939C-08BFA6CCBAD3}.Debug|Any CPU.ActiveCfg = Debug|Any CPU
		{A4DBBE86-080C-45CF-939C-08BFA6CCBAD3}.Debug|Any CPU.Build.0 = Debug|Any CPU
		{A4DBBE86-080C-45CF-939C-08BFA6CCBAD3}.Release|Any CPU.ActiveCfg = Release|Any CPU
		{A4DBBE86-080C-45CF-939C-08BFA6CCBAD3}.Release|Any CPU.Build.0 = Release|Any CPU
		{1BC21064-980C-477E-9C08-3753EF39349C}.Debug|Any CPU.ActiveCfg = Debug|Any CPU
		{1BC21064-980C-477E-9C08-3753EF39349C}.Debug|Any CPU.Build.0 = Debug|Any CPU
		{1BC21064-980C-477E-9C08-3753EF39349C}.Release|Any CPU.ActiveCfg = Release|Any CPU
		{1BC21064-980C-477E-9C08-3753EF39349C}.Release|Any CPU.Build.0 = Release|Any CPU
		{5233EE5F-5348-45BE-9C17-B212213EF1E9}.Debug|Any CPU.ActiveCfg = Debug|Any CPU
		{5233EE5F-5348-45BE-9C17-B212213EF1E9}.Debug|Any CPU.Build.0 = Debug|Any CPU
		{5233EE5F-5348-45BE-9C17-B212213EF1E9}.Release|Any CPU.ActiveCfg = Release|Any CPU
		{5233EE5F-5348-45BE-9C17-B212213EF1E9}.Release|Any CPU.Build.0 = Release|Any CPU
	EndGlobalSection
	GlobalSection(SolutionProperties) = preSolution
		HideSolutionNode = FALSE
	EndGlobalSection
	GlobalSection(NestedProjects) = preSolution
		{8C0459A2-691F-41B9-85D9-0F20DE2E49ED} = {0BD4EF0F-61D3-4DB7-9CCF-1C77D86DCC27}
		{49AA4396-64E7-4A1F-9672-F2ECE067CECB} = {0BD4EF0F-61D3-4DB7-9CCF-1C77D86DCC27}
		{5ABE9B5D-E2F1-4D15-9625-8545781F9399} = {0BD4EF0F-61D3-4DB7-9CCF-1C77D86DCC27}
		{8BE9B8A8-9225-4B22-B513-0F037BDCF010} = {53CE6523-CF8F-4F96-8F9A-F49066071201}
		{F8629BCB-140C-4A34-9BA6-4146CA7B3559} = {53CE6523-CF8F-4F96-8F9A-F49066071201}
		{D4DDA8F4-61F2-40DD-BC9F-EC6CE0293E0A} = {53CE6523-CF8F-4F96-8F9A-F49066071201}
		{BC7D572F-D436-49C8-87F7-F77A5E7C3F9C} = {53CE6523-CF8F-4F96-8F9A-F49066071201}
		{4EA987D1-FE1C-4B69-AEF4-133939BE79A8} = {53CE6523-CF8F-4F96-8F9A-F49066071201}
		{A4DBBE86-080C-45CF-939C-08BFA6CCBAD3} = {53CE6523-CF8F-4F96-8F9A-F49066071201}
		{1BC21064-980C-477E-9C08-3753EF39349C} = {080B758E-C50B-491C-8D8B-0DA8B5D82D9F}
		{5233EE5F-5348-45BE-9C17-B212213EF1E9} = {080B758E-C50B-491C-8D8B-0DA8B5D82D9F}
	EndGlobalSection
	GlobalSection(ExtensibilityGlobals) = postSolution
		SolutionGuid = {83CA42C6-BD19-410E-B630-567500E470DD}
	EndGlobalSection
EndGlobal
